
Microsoft Visual Studio Solution File, Format Version 12.00
# Visual Studio Version 16
VisualStudioVersion = 16.0.31727.386
MinimumVisualStudioVersion = 10.0.40219.1
Project("{FAE04EC0-301F-11D3-BF4B-00C04F79EFBC}") = "Piskoviste", "Piskoviste\Piskoviste.csproj", "{6C1AE671-5B26-423E-8EDA-A79328265E64}"
EndProject
Global
	GlobalSection(SolutionConfigurationPlatforms) = preSolution
		Debug|Any CPU = Debug|Any CPU
		Release|Any CPU = Release|Any CPU
	EndGlobalSection
	GlobalSection(ProjectConfigurationPlatforms) = postSolution
		{6C1AE671-5B26-423E-8EDA-A79328265E64}.Debug|Any CPU.ActiveCfg = Debug|Any CPU
		{6C1AE671-5B26-423E-8EDA-A79328265E64}.Debug|Any CPU.Build.0 = Debug|Any CPU
		{6C1AE671-5B26-423E-8EDA-A79328265E64}.Release|Any CPU.ActiveCfg = Release|Any CPU
		{6C1AE671-5B26-423E-8EDA-A79328265E64}.Release|Any CPU.Build.0 = Release|Any CPU
	EndGlobalSection
	GlobalSection(SolutionProperties) = preSolution
		HideSolutionNode = FALSE
	EndGlobalSection
	GlobalSection(ExtensibilityGlobals) = postSolution
		SolutionGuid = {90F09285-C300-4DC6-B2A5-2A6215A9E592}
	EndGlobalSection
EndGlobal
